
Microsoft Visual Studio Solution File, Format Version 12.00
# Visual Studio 15
VisualStudioVersion = 15.0.27130.2036
MinimumVisualStudioVersion = 10.0.40219.1
Project("{9A19103F-16F7-4668-BE54-9A1E7A4F7556}") = "Modul1", "Modul1\Modul1.csproj", "{8E846057-C820-4121-B9F9-5EB890276F63}"
EndProject
Project("{9A19103F-16F7-4668-BE54-9A1E7A4F7556}") = "Modul2", "Modul2\Modul2.csproj", "{9822211B-546B-493B-B2E6-C8BAC27EB4E8}"
EndProject
Project("{9A19103F-16F7-4668-BE54-9A1E7A4F7556}") = "Modul2-3", "Modul2-3\Modul2-3.csproj", "{8E57C42F-360D-4621-B3BF-0FF77EA6F95C}"
EndProject
Project("{9A19103F-16F7-4668-BE54-9A1E7A4F7556}") = "Modul3", "Modul3\Modul3.csproj", "{D4577C24-A26D-432B-ACE7-F4C6BD0C5AA5}"
EndProject
Project("{9A19103F-16F7-4668-BE54-9A1E7A4F7556}") = "Modul3-2", "Modul3-2\Modul3-2.csproj", "{5EB00AA9-AC2B-44C8-97BD-C273687F42A6}"
EndProject
Project("{9A19103F-16F7-4668-BE54-9A1E7A4F7556}") = "Modul3-3", "Modul3-3\Modul3-3.csproj", "{23133310-0AAA-442E-9411-5D09D11484CF}"
EndProject
Project("{9A19103F-16F7-4668-BE54-9A1E7A4F7556}") = "UnitTestModul3_3", "UnitTestModul3_3\UnitTestModul3_3.csproj", "{22DF6072-DC88-442F-A524-2DDCB85C1F5C}"
EndProject
Project("{9A19103F-16F7-4668-BE54-9A1E7A4F7556}") = "Modul3-4", "Modul3-4\Modul3-4.csproj", "{A9D71AAF-0997-454A-A9C8-F88835B364DF}"
EndProject
Project("{9A19103F-16F7-4668-BE54-9A1E7A4F7556}") = "Modul3-6", "Modul3-6\Modul3-6.csproj", "{D2EF6718-D711-4C63-86AF-D1A7010E1A59}"
EndProject
Project("{9A19103F-16F7-4668-BE54-9A1E7A4F7556}") = "Modul4", "Modul4\Modul4.csproj", "{201B991C-BB5A-4629-97B1-D9953D58B092}"
EndProject
Project("{FAE04EC0-301F-11D3-BF4B-00C04F79EFBC}") = "UnitTestModul4", "UnitTestModul4\UnitTestModul4.csproj", "{49F7685B-8009-484C-B1AC-0C90056D73B9}"
EndProject
Project("{9A19103F-16F7-4668-BE54-9A1E7A4F7556}") = "Modul5", "Modul5\Modul5.csproj", "{AD52E9FF-042F-4C79-87CE-E913819A8D81}"
EndProject
Project("{9A19103F-16F7-4668-BE54-9A1E7A4F7556}") = "Tabort2", "Tabort2\Tabort2.csproj", "{48ADEA4D-2167-455F-8586-C298A20F7A37}"
EndProject
Project("{9A19103F-16F7-4668-BE54-9A1E7A4F7556}") = "Modul6", "Modul6\Modul6.csproj", "{1B68CF92-36AA-4755-A696-1F9EF379BAEE}"
EndProject
Project("{9A19103F-16F7-4668-BE54-9A1E7A4F7556}") = "Modul6-4", "Modul6-4\Modul6-4.csproj", "{EF5C29DD-19CE-44FC-A3E9-3F5E3361EBE4}"
EndProject
Project("{9A19103F-16F7-4668-BE54-9A1E7A4F7556}") = "Modul6-5", "Modul6-5\Modul6-5.csproj", "{A3FDC618-E8B0-46CA-94E6-42FFDBB7D4B1}"
EndProject
Project("{9A19103F-16F7-4668-BE54-9A1E7A4F7556}") = "Modul7", "Modul7\Modul7.csproj", "{72505CCD-A749-49F6-9E51-C94FA865B866}"
EndProject
Project("{9A19103F-16F7-4668-BE54-9A1E7A4F7556}") = "Modul8", "Modul8\Modul8.csproj", "{1CC26BD0-E5CE-48BD-900B-DAD822DFED5F}"
EndProject
Project("{9A19103F-16F7-4668-BE54-9A1E7A4F7556}") = "ElevatorTest", "ElevatorTest\ElevatorTest.csproj", "{C741CF66-9E98-4E48-9FE9-8FF7B1360031}"
EndProject
Project("{9A19103F-16F7-4668-BE54-9A1E7A4F7556}") = "Modul9", "Modul9\Modul9.csproj", "{53653199-9B7F-437E-9933-2B1F111E00C5}"
EndProject
Project("{FAE04EC0-301F-11D3-BF4B-00C04F79EFBC}") = "Modul10", "Modul10\Modul10.csproj", "{5DC49D73-D5C5-4E13-91CD-7679420BB8A4}"
EndProject
Project("{FAE04EC0-301F-11D3-BF4B-00C04F79EFBC}") = "Modul11", "Modul11\Modul11.csproj", "{EFDA632F-90BD-43D6-9361-93FF8A81D9B3}"
EndProject
Project("{FAE04EC0-301F-11D3-BF4B-00C04F79EFBC}") = "Modul12", "Modul12\Modul12.csproj", "{2EAC1D22-ECEB-4612-BBD2-BA4314F9A6D8}"
EndProject
Global
	GlobalSection(SolutionConfigurationPlatforms) = preSolution
		Debug|Any CPU = Debug|Any CPU
		Release|Any CPU = Release|Any CPU
	EndGlobalSection
	GlobalSection(ProjectConfigurationPlatforms) = postSolution
		{8E846057-C820-4121-B9F9-5EB890276F63}.Debug|Any CPU.ActiveCfg = Debug|Any CPU
		{8E846057-C820-4121-B9F9-5EB890276F63}.Debug|Any CPU.Build.0 = Debug|Any CPU
		{8E846057-C820-4121-B9F9-5EB890276F63}.Release|Any CPU.ActiveCfg = Release|Any CPU
		{8E846057-C820-4121-B9F9-5EB890276F63}.Release|Any CPU.Build.0 = Release|Any CPU
		{9822211B-546B-493B-B2E6-C8BAC27EB4E8}.Debug|Any CPU.ActiveCfg = Debug|Any CPU
		{9822211B-546B-493B-B2E6-C8BAC27EB4E8}.Debug|Any CPU.Build.0 = Debug|Any CPU
		{9822211B-546B-493B-B2E6-C8BAC27EB4E8}.Release|Any CPU.ActiveCfg = Release|Any CPU
		{9822211B-546B-493B-B2E6-C8BAC27EB4E8}.Release|Any CPU.Build.0 = Release|Any CPU
		{8E57C42F-360D-4621-B3BF-0FF77EA6F95C}.Debug|Any CPU.ActiveCfg = Debug|Any CPU
		{8E57C42F-360D-4621-B3BF-0FF77EA6F95C}.Debug|Any CPU.Build.0 = Debug|Any CPU
		{8E57C42F-360D-4621-B3BF-0FF77EA6F95C}.Release|Any CPU.ActiveCfg = Release|Any CPU
		{8E57C42F-360D-4621-B3BF-0FF77EA6F95C}.Release|Any CPU.Build.0 = Release|Any CPU
		{D4577C24-A26D-432B-ACE7-F4C6BD0C5AA5}.Debug|Any CPU.ActiveCfg = Debug|Any CPU
		{D4577C24-A26D-432B-ACE7-F4C6BD0C5AA5}.Debug|Any CPU.Build.0 = Debug|Any CPU
		{D4577C24-A26D-432B-ACE7-F4C6BD0C5AA5}.Release|Any CPU.ActiveCfg = Release|Any CPU
		{D4577C24-A26D-432B-ACE7-F4C6BD0C5AA5}.Release|Any CPU.Build.0 = Release|Any CPU
		{5EB00AA9-AC2B-44C8-97BD-C273687F42A6}.Debug|Any CPU.ActiveCfg = Debug|Any CPU
		{5EB00AA9-AC2B-44C8-97BD-C273687F42A6}.Debug|Any CPU.Build.0 = Debug|Any CPU
		{5EB00AA9-AC2B-44C8-97BD-C273687F42A6}.Release|Any CPU.ActiveCfg = Release|Any CPU
		{5EB00AA9-AC2B-44C8-97BD-C273687F42A6}.Release|Any CPU.Build.0 = Release|Any CPU
		{23133310-0AAA-442E-9411-5D09D11484CF}.Debug|Any CPU.ActiveCfg = Debug|Any CPU
		{23133310-0AAA-442E-9411-5D09D11484CF}.Debug|Any CPU.Build.0 = Debug|Any CPU
		{23133310-0AAA-442E-9411-5D09D11484CF}.Release|Any CPU.ActiveCfg = Release|Any CPU
		{23133310-0AAA-442E-9411-5D09D11484CF}.Release|Any CPU.Build.0 = Release|Any CPU
		{22DF6072-DC88-442F-A524-2DDCB85C1F5C}.Debug|Any CPU.ActiveCfg = Debug|Any CPU
		{22DF6072-DC88-442F-A524-2DDCB85C1F5C}.Debug|Any CPU.Build.0 = Debug|Any CPU
		{22DF6072-DC88-442F-A524-2DDCB85C1F5C}.Release|Any CPU.ActiveCfg = Release|Any CPU
		{22DF6072-DC88-442F-A524-2DDCB85C1F5C}.Release|Any CPU.Build.0 = Release|Any CPU
		{A9D71AAF-0997-454A-A9C8-F88835B364DF}.Debug|Any CPU.ActiveCfg = Debug|Any CPU
		{A9D71AAF-0997-454A-A9C8-F88835B364DF}.Debug|Any CPU.Build.0 = Debug|Any CPU
		{A9D71AAF-0997-454A-A9C8-F88835B364DF}.Release|Any CPU.ActiveCfg = Release|Any CPU
		{A9D71AAF-0997-454A-A9C8-F88835B364DF}.Release|Any CPU.Build.0 = Release|Any CPU
		{D2EF6718-D711-4C63-86AF-D1A7010E1A59}.Debug|Any CPU.ActiveCfg = Debug|Any CPU
		{D2EF6718-D711-4C63-86AF-D1A7010E1A59}.Debug|Any CPU.Build.0 = Debug|Any CPU
		{D2EF6718-D711-4C63-86AF-D1A7010E1A59}.Release|Any CPU.ActiveCfg = Release|Any CPU
		{D2EF6718-D711-4C63-86AF-D1A7010E1A59}.Release|Any CPU.Build.0 = Release|Any CPU
		{201B991C-BB5A-4629-97B1-D9953D58B092}.Debug|Any CPU.ActiveCfg = Debug|Any CPU
		{201B991C-BB5A-4629-97B1-D9953D58B092}.Debug|Any CPU.Build.0 = Debug|Any CPU
		{201B991C-BB5A-4629-97B1-D9953D58B092}.Release|Any CPU.ActiveCfg = Release|Any CPU
		{201B991C-BB5A-4629-97B1-D9953D58B092}.Release|Any CPU.Build.0 = Release|Any CPU
		{49F7685B-8009-484C-B1AC-0C90056D73B9}.Debug|Any CPU.ActiveCfg = Debug|Any CPU
		{49F7685B-8009-484C-B1AC-0C90056D73B9}.Debug|Any CPU.Build.0 = Debug|Any CPU
		{49F7685B-8009-484C-B1AC-0C90056D73B9}.Release|Any CPU.ActiveCfg = Release|Any CPU
		{49F7685B-8009-484C-B1AC-0C90056D73B9}.Release|Any CPU.Build.0 = Release|Any CPU
		{AD52E9FF-042F-4C79-87CE-E913819A8D81}.Debug|Any CPU.ActiveCfg = Debug|Any CPU
		{AD52E9FF-042F-4C79-87CE-E913819A8D81}.Debug|Any CPU.Build.0 = Debug|Any CPU
		{AD52E9FF-042F-4C79-87CE-E913819A8D81}.Release|Any CPU.ActiveCfg = Release|Any CPU
		{AD52E9FF-042F-4C79-87CE-E913819A8D81}.Release|Any CPU.Build.0 = Release|Any CPU
		{48ADEA4D-2167-455F-8586-C298A20F7A37}.Debug|Any CPU.ActiveCfg = Debug|Any CPU
		{48ADEA4D-2167-455F-8586-C298A20F7A37}.Debug|Any CPU.Build.0 = Debug|Any CPU
		{48ADEA4D-2167-455F-8586-C298A20F7A37}.Release|Any CPU.ActiveCfg = Release|Any CPU
		{48ADEA4D-2167-455F-8586-C298A20F7A37}.Release|Any CPU.Build.0 = Release|Any CPU
		{1B68CF92-36AA-4755-A696-1F9EF379BAEE}.Debug|Any CPU.ActiveCfg = Debug|Any CPU
		{1B68CF92-36AA-4755-A696-1F9EF379BAEE}.Debug|Any CPU.Build.0 = Debug|Any CPU
		{1B68CF92-36AA-4755-A696-1F9EF379BAEE}.Release|Any CPU.ActiveCfg = Release|Any CPU
		{1B68CF92-36AA-4755-A696-1F9EF379BAEE}.Release|Any CPU.Build.0 = Release|Any CPU
		{EF5C29DD-19CE-44FC-A3E9-3F5E3361EBE4}.Debug|Any CPU.ActiveCfg = Debug|Any CPU
		{EF5C29DD-19CE-44FC-A3E9-3F5E3361EBE4}.Debug|Any CPU.Build.0 = Debug|Any CPU
		{EF5C29DD-19CE-44FC-A3E9-3F5E3361EBE4}.Release|Any CPU.ActiveCfg = Release|Any CPU
		{EF5C29DD-19CE-44FC-A3E9-3F5E3361EBE4}.Release|Any CPU.Build.0 = Release|Any CPU
		{A3FDC618-E8B0-46CA-94E6-42FFDBB7D4B1}.Debug|Any CPU.ActiveCfg = Debug|Any CPU
		{A3FDC618-E8B0-46CA-94E6-42FFDBB7D4B1}.Debug|Any CPU.Build.0 = Debug|Any CPU
		{A3FDC618-E8B0-46CA-94E6-42FFDBB7D4B1}.Release|Any CPU.ActiveCfg = Release|Any CPU
		{A3FDC618-E8B0-46CA-94E6-42FFDBB7D4B1}.Release|Any CPU.Build.0 = Release|Any CPU
		{72505CCD-A749-49F6-9E51-C94FA865B866}.Debug|Any CPU.ActiveCfg = Debug|Any CPU
		{72505CCD-A749-49F6-9E51-C94FA865B866}.Debug|Any CPU.Build.0 = Debug|Any CPU
		{72505CCD-A749-49F6-9E51-C94FA865B866}.Release|Any CPU.ActiveCfg = Release|Any CPU
		{72505CCD-A749-49F6-9E51-C94FA865B866}.Release|Any CPU.Build.0 = Release|Any CPU
		{1CC26BD0-E5CE-48BD-900B-DAD822DFED5F}.Debug|Any CPU.ActiveCfg = Debug|Any CPU
		{1CC26BD0-E5CE-48BD-900B-DAD822DFED5F}.Debug|Any CPU.Build.0 = Debug|Any CPU
		{1CC26BD0-E5CE-48BD-900B-DAD822DFED5F}.Release|Any CPU.ActiveCfg = Release|Any CPU
		{1CC26BD0-E5CE-48BD-900B-DAD822DFED5F}.Release|Any CPU.Build.0 = Release|Any CPU
		{C741CF66-9E98-4E48-9FE9-8FF7B1360031}.Debug|Any CPU.ActiveCfg = Debug|Any CPU
		{C741CF66-9E98-4E48-9FE9-8FF7B1360031}.Debug|Any CPU.Build.0 = Debug|Any CPU
		{C741CF66-9E98-4E48-9FE9-8FF7B1360031}.Release|Any CPU.ActiveCfg = Release|Any CPU
		{C741CF66-9E98-4E48-9FE9-8FF7B1360031}.Release|Any CPU.Build.0 = Release|Any CPU
		{53653199-9B7F-437E-9933-2B1F111E00C5}.Debug|Any CPU.ActiveCfg = Debug|Any CPU
		{53653199-9B7F-437E-9933-2B1F111E00C5}.Debug|Any CPU.Build.0 = Debug|Any CPU
		{53653199-9B7F-437E-9933-2B1F111E00C5}.Release|Any CPU.ActiveCfg = Release|Any CPU
		{53653199-9B7F-437E-9933-2B1F111E00C5}.Release|Any CPU.Build.0 = Release|Any CPU
		{5DC49D73-D5C5-4E13-91CD-7679420BB8A4}.Debug|Any CPU.ActiveCfg = Debug|Any CPU
		{5DC49D73-D5C5-4E13-91CD-7679420BB8A4}.Debug|Any CPU.Build.0 = Debug|Any CPU
		{5DC49D73-D5C5-4E13-91CD-7679420BB8A4}.Release|Any CPU.ActiveCfg = Release|Any CPU
		{5DC49D73-D5C5-4E13-91CD-7679420BB8A4}.Release|Any CPU.Build.0 = Release|Any CPU
		{EFDA632F-90BD-43D6-9361-93FF8A81D9B3}.Debug|Any CPU.ActiveCfg = Debug|Any CPU
		{EFDA632F-90BD-43D6-9361-93FF8A81D9B3}.Debug|Any CPU.Build.0 = Debug|Any CPU
		{EFDA632F-90BD-43D6-9361-93FF8A81D9B3}.Release|Any CPU.ActiveCfg = Release|Any CPU
		{EFDA632F-90BD-43D6-9361-93FF8A81D9B3}.Release|Any CPU.Build.0 = Release|Any CPU
		{2EAC1D22-ECEB-4612-BBD2-BA4314F9A6D8}.Debug|Any CPU.ActiveCfg = Debug|Any CPU
		{2EAC1D22-ECEB-4612-BBD2-BA4314F9A6D8}.Debug|Any CPU.Build.0 = Debug|Any CPU
		{2EAC1D22-ECEB-4612-BBD2-BA4314F9A6D8}.Release|Any CPU.ActiveCfg = Release|Any CPU
		{2EAC1D22-ECEB-4612-BBD2-BA4314F9A6D8}.Release|Any CPU.Build.0 = Release|Any CPU
	EndGlobalSection
	GlobalSection(SolutionProperties) = preSolution
		HideSolutionNode = FALSE
	EndGlobalSection
	GlobalSection(ExtensibilityGlobals) = postSolution
		SolutionGuid = {F0041574-0B08-4543-AC2F-F478B76AF265}
	EndGlobalSection
EndGlobal
